
Microsoft Visual Studio Solution File, Format Version 12.00
# Visual Studio Version 17
VisualStudioVersion = 17.2.32519.379
MinimumVisualStudioVersion = 10.0.40219.1
Project("{FAE04EC0-301F-11D3-BF4B-00C04F79EFBC}") = "Zadania8_10", "Zadania8_10\Zadania8_10.csproj", "{BD8432AA-3EF5-44B1-9D44-28331167CA37}"
EndProject
Global
	GlobalSection(SolutionConfigurationPlatforms) = preSolution
		Debug|Any CPU = Debug|Any CPU
		Release|Any CPU = Release|Any CPU
	EndGlobalSection
	GlobalSection(ProjectConfigurationPlatforms) = postSolution
		{BD8432AA-3EF5-44B1-9D44-28331167CA37}.Debug|Any CPU.ActiveCfg = Debug|Any CPU
		{BD8432AA-3EF5-44B1-9D44-28331167CA37}.Debug|Any CPU.Build.0 = Debug|Any CPU
		{BD8432AA-3EF5-44B1-9D44-28331167CA37}.Release|Any CPU.ActiveCfg = Release|Any CPU
		{BD8432AA-3EF5-44B1-9D44-28331167CA37}.Release|Any CPU.Build.0 = Release|Any CPU
	EndGlobalSection
	GlobalSection(SolutionProperties) = preSolution
		HideSolutionNode = FALSE
	EndGlobalSection
	GlobalSection(ExtensibilityGlobals) = postSolution
		SolutionGuid = {B50BBFB1-9D45-4016-8F95-8FB3218577B4}
	EndGlobalSection
EndGlobal
